// !$*UTF8*$!
{
	archiveVersion = 1;
	classes = {
	};
	objectVersion = 46;
	objects = {

/* Begin PBXBuildFile section */
		28B0C7791D29D65D00B8B462 /* ProcessView.swift in Sources */ = {isa = PBXBuildFile; fileRef = 28B0C7781D29D65D00B8B462 /* ProcessView.swift */; };
		28BB30E01D285CC800A5C0C7 /* AppDelegate.swift in Sources */ = {isa = PBXBuildFile; fileRef = 28BB30DF1D285CC800A5C0C7 /* AppDelegate.swift */; };
		28BB30E41D285CC800A5C0C7 /* Assets.xcassets in Resources */ = {isa = PBXBuildFile; fileRef = 28BB30E31D285CC800A5C0C7 /* Assets.xcassets */; };
		28BB30E71D285CC800A5C0C7 /* Main.storyboard in Resources */ = {isa = PBXBuildFile; fileRef = 28BB30E51D285CC800A5C0C7 /* Main.storyboard */; };
		28BB30F21D285CC800A5C0C7 /* ScreenPhotosTests.swift in Sources */ = {isa = PBXBuildFile; fileRef = 28BB30F11D285CC800A5C0C7 /* ScreenPhotosTests.swift */; };
		28BB30FD1D285CC800A5C0C7 /* ScreenPhotosUITests.swift in Sources */ = {isa = PBXBuildFile; fileRef = 28BB30FC1D285CC800A5C0C7 /* ScreenPhotosUITests.swift */; };
		28BB310B1D287EE800A5C0C7 /* MainWindow.swift in Sources */ = {isa = PBXBuildFile; fileRef = 28BB310A1D287EE800A5C0C7 /* MainWindow.swift */; };
		28BB310E1D29AA8000A5C0C7 /* PhotoSetViewController.swift in Sources */ = {isa = PBXBuildFile; fileRef = 28BB310D1D29AA8000A5C0C7 /* PhotoSetViewController.swift */; };
		28BB31111D29AAA700A5C0C7 /* MainViewController.swift in Sources */ = {isa = PBXBuildFile; fileRef = 28BB310F1D29AAA700A5C0C7 /* MainViewController.swift */; };
		B692A529841E33EA53E3FE35 /* Pods_ScreenPhotos_ScreenPhotosTests.framework in Frameworks */ = {isa = PBXBuildFile; fileRef = F892F8A9F3CB42D9CF69417E /* Pods_ScreenPhotos_ScreenPhotosTests.framework */; };
		C9802708A0214AF83E6A3105 /* Pods_ScreenPhotosUITests.framework in Frameworks */ = {isa = PBXBuildFile; fileRef = 8987F7CEAA1861D50CC080AE /* Pods_ScreenPhotosUITests.framework */; };
		D19E214EB430893A175AF691 /* Pods_ScreenPhotosTests.framework in Frameworks */ = {isa = PBXBuildFile; fileRef = 66AD42196E671346D78CC03E /* Pods_ScreenPhotosTests.framework */; };
		DD9BE5A404C5C1A5C66D464F /* Pods_ScreenPhotos.framework in Frameworks */ = {isa = PBXBuildFile; fileRef = CCC1EE7FDE338EB5968EEE7D /* Pods_ScreenPhotos.framework */; };
/* End PBXBuildFile section */

/* Begin PBXContainerItemProxy section */
		28BB30EE1D285CC800A5C0C7 /* PBXContainerItemProxy */ = {
			isa = PBXContainerItemProxy;
			containerPortal = 28BB30D41D285CC700A5C0C7 /* Project object */;
			proxyType = 1;
			remoteGlobalIDString = 28BB30DB1D285CC700A5C0C7;
			remoteInfo = ScreenPhotos;
		};
		28BB30F91D285CC800A5C0C7 /* PBXContainerItemProxy */ = {
			isa = PBXContainerItemProxy;
			containerPortal = 28BB30D41D285CC700A5C0C7 /* Project object */;
			proxyType = 1;
			remoteGlobalIDString = 28BB30DB1D285CC700A5C0C7;
			remoteInfo = ScreenPhotos;
		};
/* End PBXContainerItemProxy section */

/* Begin PBXFileReference section */
		0514E5BC377DE422F7FDD9FC /* Pods-ScreenPhotosTests.debug.xcconfig */ = {isa = PBXFileReference; includeInIndex = 1; lastKnownFileType = text.xcconfig; name = "Pods-ScreenPhotosTests.debug.xcconfig"; path = "Pods/Target Support Files/Pods-ScreenPhotosTests/Pods-ScreenPhotosTests.debug.xcconfig"; sourceTree = "<group>"; };
		0539600F0C189F1E8EE8419D /* Pods-ScreenPhotosTests.release.xcconfig */ = {isa = PBXFileReference; includeInIndex = 1; lastKnownFileType = text.xcconfig; name = "Pods-ScreenPhotosTests.release.xcconfig"; path = "Pods/Target Support Files/Pods-ScreenPhotosTests/Pods-ScreenPhotosTests.release.xcconfig"; sourceTree = "<group>"; };
		1B3AAEDFB34F68B2CF0EC029 /* Pods-ScreenPhotos-ScreenPhotosTests.release.xcconfig */ = {isa = PBXFileReference; includeInIndex = 1; lastKnownFileType = text.xcconfig; name = "Pods-ScreenPhotos-ScreenPhotosTests.release.xcconfig"; path = "Pods/Target Support Files/Pods-ScreenPhotos-ScreenPhotosTests/Pods-ScreenPhotos-ScreenPhotosTests.release.xcconfig"; sourceTree = "<group>"; };
		28B0C7781D29D65D00B8B462 /* ProcessView.swift */ = {isa = PBXFileReference; fileEncoding = 4; lastKnownFileType = sourcecode.swift; path = ProcessView.swift; sourceTree = "<group>"; };
		28BB30DC1D285CC800A5C0C7 /* ScreenPhotos.app */ = {isa = PBXFileReference; explicitFileType = wrapper.application; includeInIndex = 0; path = ScreenPhotos.app; sourceTree = BUILT_PRODUCTS_DIR; };
		28BB30DF1D285CC800A5C0C7 /* AppDelegate.swift */ = {isa = PBXFileReference; lastKnownFileType = sourcecode.swift; path = AppDelegate.swift; sourceTree = "<group>"; };
		28BB30E31D285CC800A5C0C7 /* Assets.xcassets */ = {isa = PBXFileReference; lastKnownFileType = folder.assetcatalog; path = Assets.xcassets; sourceTree = "<group>"; };
		28BB30E61D285CC800A5C0C7 /* Base */ = {isa = PBXFileReference; lastKnownFileType = file.storyboard; name = Base; path = Base.lproj/Main.storyboard; sourceTree = "<group>"; };
		28BB30E81D285CC800A5C0C7 /* Info.plist */ = {isa = PBXFileReference; lastKnownFileType = text.plist.xml; path = Info.plist; sourceTree = "<group>"; };
		28BB30ED1D285CC800A5C0C7 /* ScreenPhotosTests.xctest */ = {isa = PBXFileReference; explicitFileType = wrapper.cfbundle; includeInIndex = 0; path = ScreenPhotosTests.xctest; sourceTree = BUILT_PRODUCTS_DIR; };
		28BB30F11D285CC800A5C0C7 /* ScreenPhotosTests.swift */ = {isa = PBXFileReference; lastKnownFileType = sourcecode.swift; path = ScreenPhotosTests.swift; sourceTree = "<group>"; };
		28BB30F31D285CC800A5C0C7 /* Info.plist */ = {isa = PBXFileReference; lastKnownFileType = text.plist.xml; path = Info.plist; sourceTree = "<group>"; };
		28BB30F81D285CC800A5C0C7 /* ScreenPhotosUITests.xctest */ = {isa = PBXFileReference; explicitFileType = wrapper.cfbundle; includeInIndex = 0; path = ScreenPhotosUITests.xctest; sourceTree = BUILT_PRODUCTS_DIR; };
		28BB30FC1D285CC800A5C0C7 /* ScreenPhotosUITests.swift */ = {isa = PBXFileReference; lastKnownFileType = sourcecode.swift; path = ScreenPhotosUITests.swift; sourceTree = "<group>"; };
		28BB30FE1D285CC800A5C0C7 /* Info.plist */ = {isa = PBXFileReference; lastKnownFileType = text.plist.xml; path = Info.plist; sourceTree = "<group>"; };
		28BB310A1D287EE800A5C0C7 /* MainWindow.swift */ = {isa = PBXFileReference; fileEncoding = 4; lastKnownFileType = sourcecode.swift; path = MainWindow.swift; sourceTree = "<group>"; };
		28BB310D1D29AA8000A5C0C7 /* PhotoSetViewController.swift */ = {isa = PBXFileReference; fileEncoding = 4; lastKnownFileType = sourcecode.swift; path = PhotoSetViewController.swift; sourceTree = "<group>"; };
		28BB310F1D29AAA700A5C0C7 /* MainViewController.swift */ = {isa = PBXFileReference; fileEncoding = 4; lastKnownFileType = sourcecode.swift; path = MainViewController.swift; sourceTree = "<group>"; };
		4BD48DA34604A0666E70F634 /* Pods-ScreenPhotos-ScreenPhotosTests.debug.xcconfig */ = {isa = PBXFileReference; includeInIndex = 1; lastKnownFileType = text.xcconfig; name = "Pods-ScreenPhotos-ScreenPhotosTests.debug.xcconfig"; path = "Pods/Target Support Files/Pods-ScreenPhotos-ScreenPhotosTests/Pods-ScreenPhotos-ScreenPhotosTests.debug.xcconfig"; sourceTree = "<group>"; };
		66AD42196E671346D78CC03E /* Pods_ScreenPhotosTests.framework */ = {isa = PBXFileReference; explicitFileType = wrapper.framework; includeInIndex = 0; path = Pods_ScreenPhotosTests.framework; sourceTree = BUILT_PRODUCTS_DIR; };
		8987F7CEAA1861D50CC080AE /* Pods_ScreenPhotosUITests.framework */ = {isa = PBXFileReference; explicitFileType = wrapper.framework; includeInIndex = 0; path = Pods_ScreenPhotosUITests.framework; sourceTree = BUILT_PRODUCTS_DIR; };
		A025946D6018A06C493F8EE7 /* Pods-ScreenPhotosUITests.release.xcconfig */ = {isa = PBXFileReference; includeInIndex = 1; lastKnownFileType = text.xcconfig; name = "Pods-ScreenPhotosUITests.release.xcconfig"; path = "Pods/Target Support Files/Pods-ScreenPhotosUITests/Pods-ScreenPhotosUITests.release.xcconfig"; sourceTree = "<group>"; };
		A1D7DFC6A6AC80D9A896D72C /* Pods-ScreenPhotos.release.xcconfig */ = {isa = PBXFileReference; includeInIndex = 1; lastKnownFileType = text.xcconfig; name = "Pods-ScreenPhotos.release.xcconfig"; path = "Pods/Target Support Files/Pods-ScreenPhotos/Pods-ScreenPhotos.release.xcconfig"; sourceTree = "<group>"; };
		C03ED208FB9318B11678F4A8 /* Pods-ScreenPhotos.debug.xcconfig */ = {isa = PBXFileReference; includeInIndex = 1; lastKnownFileType = text.xcconfig; name = "Pods-ScreenPhotos.debug.xcconfig"; path = "Pods/Target Support Files/Pods-ScreenPhotos/Pods-ScreenPhotos.debug.xcconfig"; sourceTree = "<group>"; };
		CCC1EE7FDE338EB5968EEE7D /* Pods_ScreenPhotos.framework */ = {isa = PBXFileReference; explicitFileType = wrapper.framework; includeInIndex = 0; path = Pods_ScreenPhotos.framework; sourceTree = BUILT_PRODUCTS_DIR; };
		DD013987B4A652DBF18F3CC3 /* Pods-ScreenPhotosUITests.debug.xcconfig */ = {isa = PBXFileReference; includeInIndex = 1; lastKnownFileType = text.xcconfig; name = "Pods-ScreenPhotosUITests.debug.xcconfig"; path = "Pods/Target Support Files/Pods-ScreenPhotosUITests/Pods-ScreenPhotosUITests.debug.xcconfig"; sourceTree = "<group>"; };
		F892F8A9F3CB42D9CF69417E /* Pods_ScreenPhotos_ScreenPhotosTests.framework */ = {isa = PBXFileReference; explicitFileType = wrapper.framework; includeInIndex = 0; path = Pods_ScreenPhotos_ScreenPhotosTests.framework; sourceTree = BUILT_PRODUCTS_DIR; };
/* End PBXFileReference section */

/* Begin PBXFrameworksBuildPhase section */
		28BB30D91D285CC700A5C0C7 /* Frameworks */ = {
			isa = PBXFrameworksBuildPhase;
			buildActionMask = 2147483647;
			files = (
				DD9BE5A404C5C1A5C66D464F /* Pods_ScreenPhotos.framework in Frameworks */,
			);
			runOnlyForDeploymentPostprocessing = 0;
		};
		28BB30EA1D285CC800A5C0C7 /* Frameworks */ = {
			isa = PBXFrameworksBuildPhase;
			buildActionMask = 2147483647;
			files = (
				D19E214EB430893A175AF691 /* Pods_ScreenPhotosTests.framework in Frameworks */,
				B692A529841E33EA53E3FE35 /* Pods_ScreenPhotos_ScreenPhotosTests.framework in Frameworks */,
			);
			runOnlyForDeploymentPostprocessing = 0;
		};
		28BB30F51D285CC800A5C0C7 /* Frameworks */ = {
			isa = PBXFrameworksBuildPhase;
			buildActionMask = 2147483647;
			files = (
				C9802708A0214AF83E6A3105 /* Pods_ScreenPhotosUITests.framework in Frameworks */,
			);
			runOnlyForDeploymentPostprocessing = 0;
		};
/* End PBXFrameworksBuildPhase section */

/* Begin PBXGroup section */
		283F22C91D3F472500BE229F /* Data Model */ = {
			isa = PBXGroup;
			children = (
			);
			path = "Data Model";
			sourceTree = "<group>";
		};
		28B0C7771D29D63B00B8B462 /* Views */ = {
			isa = PBXGroup;
			children = (
				28B0C7781D29D65D00B8B462 /* ProcessView.swift */,
			);
			path = Views;
			sourceTree = "<group>";
		};
		28BB30D31D285CC700A5C0C7 = {
			isa = PBXGroup;
			children = (
				28BB30DE1D285CC800A5C0C7 /* ScreenPhotos */,
				28BB30F01D285CC800A5C0C7 /* ScreenPhotosTests */,
				28BB30FB1D285CC800A5C0C7 /* ScreenPhotosUITests */,
				28BB30DD1D285CC800A5C0C7 /* Products */,
				30CC8C80809F78EB4E681E15 /* Pods */,
				AE6C2D369894A7C28F273A59 /* Frameworks */,
			);
			sourceTree = "<group>";
		};
		28BB30DD1D285CC800A5C0C7 /* Products */ = {
			isa = PBXGroup;
			children = (
				28BB30DC1D285CC800A5C0C7 /* ScreenPhotos.app */,
				28BB30ED1D285CC800A5C0C7 /* ScreenPhotosTests.xctest */,
				28BB30F81D285CC800A5C0C7 /* ScreenPhotosUITests.xctest */,
			);
			name = Products;
			sourceTree = "<group>";
		};
		28BB30DE1D285CC800A5C0C7 /* ScreenPhotos */ = {
			isa = PBXGroup;
			children = (
				28BB30DF1D285CC800A5C0C7 /* AppDelegate.swift */,
				28BB30E31D285CC800A5C0C7 /* Assets.xcassets */,
				28BB30E51D285CC800A5C0C7 /* Main.storyboard */,
				28BB30E81D285CC800A5C0C7 /* Info.plist */,
				28BB310A1D287EE800A5C0C7 /* MainWindow.swift */,
				283F22C91D3F472500BE229F /* Data Model */,
				28B0C7771D29D63B00B8B462 /* Views */,
				28BB310C1D29AA4100A5C0C7 /* View Controllers */,
			);
			path = ScreenPhotos;
			sourceTree = "<group>";
		};
		28BB30F01D285CC800A5C0C7 /* ScreenPhotosTests */ = {
			isa = PBXGroup;
			children = (
				28BB30F11D285CC800A5C0C7 /* ScreenPhotosTests.swift */,
				28BB30F31D285CC800A5C0C7 /* Info.plist */,
			);
			path = ScreenPhotosTests;
			sourceTree = "<group>";
		};
		28BB30FB1D285CC800A5C0C7 /* ScreenPhotosUITests */ = {
			isa = PBXGroup;
			children = (
				28BB30FC1D285CC800A5C0C7 /* ScreenPhotosUITests.swift */,
				28BB30FE1D285CC800A5C0C7 /* Info.plist */,
			);
			path = ScreenPhotosUITests;
			sourceTree = "<group>";
		};
		28BB310C1D29AA4100A5C0C7 /* View Controllers */ = {
			isa = PBXGroup;
			children = (
				28BB310D1D29AA8000A5C0C7 /* PhotoSetViewController.swift */,
				28BB310F1D29AAA700A5C0C7 /* MainViewController.swift */,
			);
			path = "View Controllers";
			sourceTree = "<group>";
		};
		30CC8C80809F78EB4E681E15 /* Pods */ = {
			isa = PBXGroup;
			children = (
				C03ED208FB9318B11678F4A8 /* Pods-ScreenPhotos.debug.xcconfig */,
				A1D7DFC6A6AC80D9A896D72C /* Pods-ScreenPhotos.release.xcconfig */,
				0514E5BC377DE422F7FDD9FC /* Pods-ScreenPhotosTests.debug.xcconfig */,
				0539600F0C189F1E8EE8419D /* Pods-ScreenPhotosTests.release.xcconfig */,
				DD013987B4A652DBF18F3CC3 /* Pods-ScreenPhotosUITests.debug.xcconfig */,
				A025946D6018A06C493F8EE7 /* Pods-ScreenPhotosUITests.release.xcconfig */,
				4BD48DA34604A0666E70F634 /* Pods-ScreenPhotos-ScreenPhotosTests.debug.xcconfig */,
				1B3AAEDFB34F68B2CF0EC029 /* Pods-ScreenPhotos-ScreenPhotosTests.release.xcconfig */,
			);
			name = Pods;
			sourceTree = "<group>";
		};
		AE6C2D369894A7C28F273A59 /* Frameworks */ = {
			isa = PBXGroup;
			children = (
				CCC1EE7FDE338EB5968EEE7D /* Pods_ScreenPhotos.framework */,
				66AD42196E671346D78CC03E /* Pods_ScreenPhotosTests.framework */,
				8987F7CEAA1861D50CC080AE /* Pods_ScreenPhotosUITests.framework */,
				F892F8A9F3CB42D9CF69417E /* Pods_ScreenPhotos_ScreenPhotosTests.framework */,
			);
			name = Frameworks;
			sourceTree = "<group>";
		};
/* End PBXGroup section */

/* Begin PBXNativeTarget section */
		28BB30DB1D285CC700A5C0C7 /* ScreenPhotos */ = {
			isa = PBXNativeTarget;
			buildConfigurationList = 28BB31011D285CC800A5C0C7 /* Build configuration list for PBXNativeTarget "ScreenPhotos" */;
			buildPhases = (
				3373CB5CC2B2913CBAA7536F /* [CP] Check Pods Manifest.lock */,
				28BB30D81D285CC700A5C0C7 /* Sources */,
				28BB30D91D285CC700A5C0C7 /* Frameworks */,
				28BB30DA1D285CC700A5C0C7 /* Resources */,
				2D7DC3177E0000C2D60EE9E4 /* [CP] Embed Pods Frameworks */,
				0DF52E959508AACC1869A69E /* [CP] Copy Pods Resources */,
			);
			buildRules = (
			);
			dependencies = (
			);
			name = ScreenPhotos;
			productName = ScreenPhotos;
			productReference = 28BB30DC1D285CC800A5C0C7 /* ScreenPhotos.app */;
			productType = "com.apple.product-type.application";
		};
		28BB30EC1D285CC800A5C0C7 /* ScreenPhotosTests */ = {
			isa = PBXNativeTarget;
			buildConfigurationList = 28BB31041D285CC800A5C0C7 /* Build configuration list for PBXNativeTarget "ScreenPhotosTests" */;
			buildPhases = (
				B9621FC3FA7D802325735CA6 /* [CP] Check Pods Manifest.lock */,
				28BB30E91D285CC800A5C0C7 /* Sources */,
				28BB30EA1D285CC800A5C0C7 /* Frameworks */,
				28BB30EB1D285CC800A5C0C7 /* Resources */,
				CAED883EA5046791EB6C6FED /* [CP] Embed Pods Frameworks */,
				ABD88A81BF386B19062E4143 /* [CP] Copy Pods Resources */,
			);
			buildRules = (
			);
			dependencies = (
				28BB30EF1D285CC800A5C0C7 /* PBXTargetDependency */,
			);
			name = ScreenPhotosTests;
			productName = ScreenPhotosTests;
			productReference = 28BB30ED1D285CC800A5C0C7 /* ScreenPhotosTests.xctest */;
			productType = "com.apple.product-type.bundle.unit-test";
		};
		28BB30F71D285CC800A5C0C7 /* ScreenPhotosUITests */ = {
			isa = PBXNativeTarget;
			buildConfigurationList = 28BB31071D285CC800A5C0C7 /* Build configuration list for PBXNativeTarget "ScreenPhotosUITests" */;
			buildPhases = (
				35DBBB7835841B7A983E59CD /* [CP] Check Pods Manifest.lock */,
				28BB30F41D285CC800A5C0C7 /* Sources */,
				28BB30F51D285CC800A5C0C7 /* Frameworks */,
				28BB30F61D285CC800A5C0C7 /* Resources */,
				0B9766B664B8A1F551CD1658 /* [CP] Copy Pods Resources */,
			);
			buildRules = (
			);
			dependencies = (
				28BB30FA1D285CC800A5C0C7 /* PBXTargetDependency */,
			);
			name = ScreenPhotosUITests;
			productName = ScreenPhotosUITests;
			productReference = 28BB30F81D285CC800A5C0C7 /* ScreenPhotosUITests.xctest */;
			productType = "com.apple.product-type.bundle.ui-testing";
		};
/* End PBXNativeTarget section */

/* Begin PBXProject section */
		28BB30D41D285CC700A5C0C7 /* Project object */ = {
			isa = PBXProject;
			attributes = {
				LastSwiftUpdateCheck = 0730;
				LastUpgradeCheck = 0730;
				ORGANIZATIONNAME = "Sarthak Khillon";
				TargetAttributes = {
					28BB30DB1D285CC700A5C0C7 = {
						CreatedOnToolsVersion = 7.3.1;
					};
					28BB30EC1D285CC800A5C0C7 = {
						CreatedOnToolsVersion = 7.3.1;
						TestTargetID = 28BB30DB1D285CC700A5C0C7;
					};
					28BB30F71D285CC800A5C0C7 = {
						CreatedOnToolsVersion = 7.3.1;
						TestTargetID = 28BB30DB1D285CC700A5C0C7;
					};
				};
			};
			buildConfigurationList = 28BB30D71D285CC700A5C0C7 /* Build configuration list for PBXProject "ScreenPhotos" */;
			compatibilityVersion = "Xcode 3.2";
			developmentRegion = English;
			hasScannedForEncodings = 0;
			knownRegions = (
				en,
				Base,
			);
			mainGroup = 28BB30D31D285CC700A5C0C7;
			productRefGroup = 28BB30DD1D285CC800A5C0C7 /* Products */;
			projectDirPath = "";
			projectRoot = "";
			targets = (
				28BB30DB1D285CC700A5C0C7 /* ScreenPhotos */,
				28BB30EC1D285CC800A5C0C7 /* ScreenPhotosTests */,
				28BB30F71D285CC800A5C0C7 /* ScreenPhotosUITests */,
			);
		};
/* End PBXProject section */

/* Begin PBXResourcesBuildPhase section */
		28BB30DA1D285CC700A5C0C7 /* Resources */ = {
			isa = PBXResourcesBuildPhase;
			buildActionMask = 2147483647;
			files = (
				28BB30E41D285CC800A5C0C7 /* Assets.xcassets in Resources */,
				28BB30E71D285CC800A5C0C7 /* Main.storyboard in Resources */,
			);
			runOnlyForDeploymentPostprocessing = 0;
		};
		28BB30EB1D285CC800A5C0C7 /* Resources */ = {
			isa = PBXResourcesBuildPhase;
			buildActionMask = 2147483647;
			files = (
			);
			runOnlyForDeploymentPostprocessing = 0;
		};
		28BB30F61D285CC800A5C0C7 /* Resources */ = {
			isa = PBXResourcesBuildPhase;
			buildActionMask = 2147483647;
			files = (
			);
			runOnlyForDeploymentPostprocessing = 0;
		};
/* End PBXResourcesBuildPhase section */

/* Begin PBXShellScriptBuildPhase section */
		0B9766B664B8A1F551CD1658 /* [CP] Copy Pods Resources */ = {
			isa = PBXShellScriptBuildPhase;
			buildActionMask = 2147483647;
			files = (
			);
			inputPaths = (
			);
			name = "[CP] Copy Pods Resources";
			outputPaths = (
			);
			runOnlyForDeploymentPostprocessing = 0;
			shellPath = /bin/sh;
			shellScript = "\"${SRCROOT}/Pods/Target Support Files/Pods-ScreenPhotosUITests/Pods-ScreenPhotosUITests-resources.sh\"\n";
			showEnvVarsInLog = 0;
		};
		0DF52E959508AACC1869A69E /* [CP] Copy Pods Resources */ = {
			isa = PBXShellScriptBuildPhase;
			buildActionMask = 2147483647;
			files = (
			);
			inputPaths = (
			);
			name = "[CP] Copy Pods Resources";
			outputPaths = (
			);
			runOnlyForDeploymentPostprocessing = 0;
			shellPath = /bin/sh;
			shellScript = "\"${SRCROOT}/Pods/Target Support Files/Pods-ScreenPhotos/Pods-ScreenPhotos-resources.sh\"\n";
			showEnvVarsInLog = 0;
		};
		2D7DC3177E0000C2D60EE9E4 /* [CP] Embed Pods Frameworks */ = {
			isa = PBXShellScriptBuildPhase;
			buildActionMask = 2147483647;
			files = (
			);
			inputPaths = (
			);
			name = "[CP] Embed Pods Frameworks";
			outputPaths = (
			);
			runOnlyForDeploymentPostprocessing = 0;
			shellPath = /bin/sh;
			shellScript = "\"${SRCROOT}/Pods/Target Support Files/Pods-ScreenPhotos/Pods-ScreenPhotos-frameworks.sh\"\n";
			showEnvVarsInLog = 0;
		};
		3373CB5CC2B2913CBAA7536F /* [CP] Check Pods Manifest.lock */ = {
			isa = PBXShellScriptBuildPhase;
			buildActionMask = 2147483647;
			files = (
			);
			inputPaths = (
			);
			name = "[CP] Check Pods Manifest.lock";
			outputPaths = (
			);
			runOnlyForDeploymentPostprocessing = 0;
			shellPath = /bin/sh;
			shellScript = "diff \"${PODS_ROOT}/../Podfile.lock\" \"${PODS_ROOT}/Manifest.lock\" > /dev/null\nif [[ $? != 0 ]] ; then\n    cat << EOM\nerror: The sandbox is not in sync with the Podfile.lock. Run 'pod install' or update your CocoaPods installation.\nEOM\n    exit 1\nfi\n";
			showEnvVarsInLog = 0;
		};
		35DBBB7835841B7A983E59CD /* [CP] Check Pods Manifest.lock */ = {
			isa = PBXShellScriptBuildPhase;
			buildActionMask = 2147483647;
			files = (
			);
			inputPaths = (
			);
			name = "[CP] Check Pods Manifest.lock";
			outputPaths = (
			);
			runOnlyForDeploymentPostprocessing = 0;
			shellPath = /bin/sh;
			shellScript = "diff \"${PODS_ROOT}/../Podfile.lock\" \"${PODS_ROOT}/Manifest.lock\" > /dev/null\nif [[ $? != 0 ]] ; then\n    cat << EOM\nerror: The sandbox is not in sync with the Podfile.lock. Run 'pod install' or update your CocoaPods installation.\nEOM\n    exit 1\nfi\n";
			showEnvVarsInLog = 0;
		};
		ABD88A81BF386B19062E4143 /* [CP] Copy Pods Resources */ = {
			isa = PBXShellScriptBuildPhase;
			buildActionMask = 2147483647;
			files = (
			);
			inputPaths = (
			);
			name = "[CP] Copy Pods Resources";
			outputPaths = (
			);
			runOnlyForDeploymentPostprocessing = 0;
			shellPath = /bin/sh;
			shellScript = "\"${SRCROOT}/Pods/Target Support Files/Pods-ScreenPhotosTests/Pods-ScreenPhotosTests-resources.sh\"\n";
			showEnvVarsInLog = 0;
		};
		B9621FC3FA7D802325735CA6 /* [CP] Check Pods Manifest.lock */ = {
			isa = PBXShellScriptBuildPhase;
			buildActionMask = 2147483647;
			files = (
			);
			inputPaths = (
			);
			name = "[CP] Check Pods Manifest.lock";
			outputPaths = (
			);
			runOnlyForDeploymentPostprocessing = 0;
			shellPath = /bin/sh;
			shellScript = "diff \"${PODS_ROOT}/../Podfile.lock\" \"${PODS_ROOT}/Manifest.lock\" > /dev/null\nif [[ $? != 0 ]] ; then\n    cat << EOM\nerror: The sandbox is not in sync with the Podfile.lock. Run 'pod install' or update your CocoaPods installation.\nEOM\n    exit 1\nfi\n";
			showEnvVarsInLog = 0;
		};
		CAED883EA5046791EB6C6FED /* [CP] Embed Pods Frameworks */ = {
			isa = PBXShellScriptBuildPhase;
			buildActionMask = 2147483647;
			files = (
			);
			inputPaths = (
			);
			name = "[CP] Embed Pods Frameworks";
			outputPaths = (
			);
			runOnlyForDeploymentPostprocessing = 0;
			shellPath = /bin/sh;
			shellScript = "\"${SRCROOT}/Pods/Target Support Files/Pods-ScreenPhotosTests/Pods-ScreenPhotosTests-frameworks.sh\"\n";
			showEnvVarsInLog = 0;
		};
/* End PBXShellScriptBuildPhase section */

/* Begin PBXSourcesBuildPhase section */
		28BB30D81D285CC700A5C0C7 /* Sources */ = {
			isa = PBXSourcesBuildPhase;
			buildActionMask = 2147483647;
			files = (
				28BB310B1D287EE800A5C0C7 /* MainWindow.swift in Sources */,
				28BB310E1D29AA8000A5C0C7 /* PhotoSetViewController.swift in Sources */,
				28BB30E01D285CC800A5C0C7 /* AppDelegate.swift in Sources */,
				28BB31111D29AAA700A5C0C7 /* MainViewController.swift in Sources */,
				28B0C7791D29D65D00B8B462 /* ProcessView.swift in Sources */,
			);
			runOnlyForDeploymentPostprocessing = 0;
		};
		28BB30E91D285CC800A5C0C7 /* Sources */ = {
			isa = PBXSourcesBuildPhase;
			buildActionMask = 2147483647;
			files = (
				28BB30F21D285CC800A5C0C7 /* ScreenPhotosTests.swift in Sources */,
			);
			runOnlyForDeploymentPostprocessing = 0;
		};
		28BB30F41D285CC800A5C0C7 /* Sources */ = {
			isa = PBXSourcesBuildPhase;
			buildActionMask = 2147483647;
			files = (
				28BB30FD1D285CC800A5C0C7 /* ScreenPhotosUITests.swift in Sources */,
			);
			runOnlyForDeploymentPostprocessing = 0;
		};
/* End PBXSourcesBuildPhase section */

/* Begin PBXTargetDependency section */
		28BB30EF1D285CC800A5C0C7 /* PBXTargetDependency */ = {
			isa = PBXTargetDependency;
			target = 28BB30DB1D285CC700A5C0C7 /* ScreenPhotos */;
			targetProxy = 28BB30EE1D285CC800A5C0C7 /* PBXContainerItemProxy */;
		};
		28BB30FA1D285CC800A5C0C7 /* PBXTargetDependency */ = {
			isa = PBXTargetDependency;
			target = 28BB30DB1D285CC700A5C0C7 /* ScreenPhotos */;
			targetProxy = 28BB30F91D285CC800A5C0C7 /* PBXContainerItemProxy */;
		};
/* End PBXTargetDependency section */

/* Begin PBXVariantGroup section */
		28BB30E51D285CC800A5C0C7 /* Main.storyboard */ = {
			isa = PBXVariantGroup;
			children = (
				28BB30E61D285CC800A5C0C7 /* Base */,
			);
			name = Main.storyboard;
			sourceTree = "<group>";
		};
/* End PBXVariantGroup section */

/* Begin XCBuildConfiguration section */
		28BB30FF1D285CC800A5C0C7 /* Debug */ = {
			isa = XCBuildConfiguration;
			buildSettings = {
				ALWAYS_SEARCH_USER_PATHS = NO;
				CLANG_ANALYZER_NONNULL = YES;
				CLANG_CXX_LANGUAGE_STANDARD = "gnu++0x";
				CLANG_CXX_LIBRARY = "libc++";
				CLANG_ENABLE_MODULES = YES;
				CLANG_ENABLE_OBJC_ARC = YES;
				CLANG_WARN_BOOL_CONVERSION = YES;
				CLANG_WARN_CONSTANT_CONVERSION = YES;
				CLANG_WARN_DIRECT_OBJC_ISA_USAGE = YES_ERROR;
				CLANG_WARN_EMPTY_BODY = YES;
				CLANG_WARN_ENUM_CONVERSION = YES;
				CLANG_WARN_INT_CONVERSION = YES;
				CLANG_WARN_OBJC_ROOT_CLASS = YES_ERROR;
				CLANG_WARN_UNREACHABLE_CODE = YES;
				CLANG_WARN__DUPLICATE_METHOD_MATCH = YES;
				CODE_SIGN_IDENTITY = "-";
				COPY_PHASE_STRIP = NO;
				DEBUG_INFORMATION_FORMAT = dwarf;
				ENABLE_STRICT_OBJC_MSGSEND = YES;
				ENABLE_TESTABILITY = YES;
				GCC_C_LANGUAGE_STANDARD = gnu99;
				GCC_DYNAMIC_NO_PIC = NO;
				GCC_NO_COMMON_BLOCKS = YES;
				GCC_OPTIMIZATION_LEVEL = 0;
				GCC_PREPROCESSOR_DEFINITIONS = (
					"DEBUG=1",
					"$(inherited)",
				);
				GCC_WARN_64_TO_32_BIT_CONVERSION = YES;
				GCC_WARN_ABOUT_RETURN_TYPE = YES_ERROR;
				GCC_WARN_UNDECLARED_SELECTOR = YES;
				GCC_WARN_UNINITIALIZED_AUTOS = YES_AGGRESSIVE;
				GCC_WARN_UNUSED_FUNCTION = YES;
				GCC_WARN_UNUSED_VARIABLE = YES;
				MACOSX_DEPLOYMENT_TARGET = 10.11;
				MTL_ENABLE_DEBUG_INFO = YES;
				ONLY_ACTIVE_ARCH = YES;
				SDKROOT = macosx;
				SWIFT_OPTIMIZATION_LEVEL = "-Onone";
			};
			name = Debug;
		};
		28BB31001D285CC800A5C0C7 /* Release */ = {
			isa = XCBuildConfiguration;
			buildSettings = {
				ALWAYS_SEARCH_USER_PATHS = NO;
				CLANG_ANALYZER_NONNULL = YES;
				CLANG_CXX_LANGUAGE_STANDARD = "gnu++0x";
				CLANG_CXX_LIBRARY = "libc++";
				CLANG_ENABLE_MODULES = YES;
				CLANG_ENABLE_OBJC_ARC = YES;
				CLANG_WARN_BOOL_CONVERSION = YES;
				CLANG_WARN_CONSTANT_CONVERSION = YES;
				CLANG_WARN_DIRECT_OBJC_ISA_USAGE = YES_ERROR;
				CLANG_WARN_EMPTY_BODY = YES;
				CLANG_WARN_ENUM_CONVERSION = YES;
				CLANG_WARN_INT_CONVERSION = YES;
				CLANG_WARN_OBJC_ROOT_CLASS = YES_ERROR;
				CLANG_WARN_UNREACHABLE_CODE = YES;
				CLANG_WARN__DUPLICATE_METHOD_MATCH = YES;
				CODE_SIGN_IDENTITY = "-";
				COPY_PHASE_STRIP = NO;
				DEBUG_INFORMATION_FORMAT = "dwarf-with-dsym";
				ENABLE_NS_ASSERTIONS = NO;
				ENABLE_STRICT_OBJC_MSGSEND = YES;
				GCC_C_LANGUAGE_STANDARD = gnu99;
				GCC_NO_COMMON_BLOCKS = YES;
				GCC_WARN_64_TO_32_BIT_CONVERSION = YES;
				GCC_WARN_ABOUT_RETURN_TYPE = YES_ERROR;
				GCC_WARN_UNDECLARED_SELECTOR = YES;
				GCC_WARN_UNINITIALIZED_AUTOS = YES_AGGRESSIVE;
				GCC_WARN_UNUSED_FUNCTION = YES;
				GCC_WARN_UNUSED_VARIABLE = YES;
				MACOSX_DEPLOYMENT_TARGET = 10.11;
				MTL_ENABLE_DEBUG_INFO = NO;
				SDKROOT = macosx;
			};
			name = Release;
		};
		28BB31021D285CC800A5C0C7 /* Debug */ = {
			isa = XCBuildConfiguration;
			baseConfigurationReference = C03ED208FB9318B11678F4A8 /* Pods-ScreenPhotos.debug.xcconfig */;
			buildSettings = {
				ASSETCATALOG_COMPILER_APPICON_NAME = AppIcon;
				COMBINE_HIDPI_IMAGES = YES;
				INFOPLIST_FILE = ScreenPhotos/Info.plist;
				LD_RUNPATH_SEARCH_PATHS = "$(inherited) @executable_path/../Frameworks";
				PRODUCT_BUNDLE_IDENTIFIER = com.sarthakkhillon.ScreenPhotos;
				PRODUCT_NAME = "$(TARGET_NAME)";
			};
			name = Debug;
		};
		28BB31031D285CC800A5C0C7 /* Release */ = {
			isa = XCBuildConfiguration;
			baseConfigurationReference = A1D7DFC6A6AC80D9A896D72C /* Pods-ScreenPhotos.release.xcconfig */;
			buildSettings = {
				ASSETCATALOG_COMPILER_APPICON_NAME = AppIcon;
				COMBINE_HIDPI_IMAGES = YES;
				INFOPLIST_FILE = ScreenPhotos/Info.plist;
				LD_RUNPATH_SEARCH_PATHS = "$(inherited) @executable_path/../Frameworks";
				PRODUCT_BUNDLE_IDENTIFIER = com.sarthakkhillon.ScreenPhotos;
				PRODUCT_NAME = "$(TARGET_NAME)";
			};
			name = Release;
		};
		28BB31051D285CC800A5C0C7 /* Debug */ = {
			isa = XCBuildConfiguration;
			baseConfigurationReference = 0514E5BC377DE422F7FDD9FC /* Pods-ScreenPhotosTests.debug.xcconfig */;
			buildSettings = {
				BUNDLE_LOADER = "$(TEST_HOST)";
				COMBINE_HIDPI_IMAGES = YES;
				INFOPLIST_FILE = ScreenPhotosTests/Info.plist;
				LD_RUNPATH_SEARCH_PATHS = "$(inherited) @executable_path/../Frameworks @loader_path/../Frameworks";
				PRODUCT_BUNDLE_IDENTIFIER = com.sarthakkhillon.ScreenPhotosTests;
				PRODUCT_NAME = "$(TARGET_NAME)";
				TEST_HOST = "$(BUILT_PRODUCTS_DIR)/ScreenPhotos.app/Contents/MacOS/ScreenPhotos";
			};
			name = Debug;
		};
		28BB31061D285CC800A5C0C7 /* Release */ = {
			isa = XCBuildConfiguration;
			baseConfigurationReference = 0539600F0C189F1E8EE8419D /* Pods-ScreenPhotosTests.release.xcconfig */;
			buildSettings = {
				BUNDLE_LOADER = "$(TEST_HOST)";
				COMBINE_HIDPI_IMAGES = YES;
				INFOPLIST_FILE = ScreenPhotosTests/Info.plist;
				LD_RUNPATH_SEARCH_PATHS = "$(inherited) @executable_path/../Frameworks @loader_path/../Frameworks";
				PRODUCT_BUNDLE_IDENTIFIER = com.sarthakkhillon.ScreenPhotosTests;
				PRODUCT_NAME = "$(TARGET_NAME)";
				TEST_HOST = "$(BUILT_PRODUCTS_DIR)/ScreenPhotos.app/Contents/MacOS/ScreenPhotos";
			};
			name = Release;
		};
		28BB31081D285CC800A5C0C7 /* Debug */ = {
			isa = XCBuildConfiguration;
			baseConfigurationReference = DD013987B4A652DBF18F3CC3 /* Pods-ScreenPhotosUITests.debug.xcconfig */;
			buildSettings = {
				COMBINE_HIDPI_IMAGES = YES;
				INFOPLIST_FILE = ScreenPhotosUITests/Info.plist;
				LD_RUNPATH_SEARCH_PATHS = "$(inherited) @executable_path/../Frameworks @loader_path/../Frameworks";
				PRODUCT_BUNDLE_IDENTIFIER = com.sarthakkhillon.ScreenPhotosUITests;
				PRODUCT_NAME = "$(TARGET_NAME)";
				TEST_TARGET_NAME = ScreenPhotos;
			};
			name = Debug;
		};
		28BB31091D285CC800A5C0C7 /* Release */ = {
			isa = XCBuildConfiguration;
			baseConfigurationReference = A025946D6018A06C493F8EE7 /* Pods-ScreenPhotosUITests.release.xcconfig */;
			buildSettings = {
				COMBINE_HIDPI_IMAGES = YES;
				INFOPLIST_FILE = ScreenPhotosUITests/Info.plist;
				LD_RUNPATH_SEARCH_PATHS = "$(inherited) @executable_path/../Frameworks @loader_path/../Frameworks";
				PRODUCT_BUNDLE_IDENTIFIER = com.sarthakkhillon.ScreenPhotosUITests;
				PRODUCT_NAME = "$(TARGET_NAME)";
				TEST_TARGET_NAME = ScreenPhotos;
			};
			name = Release;
		};
/* End XCBuildConfiguration section */

/* Begin XCConfigurationList section */
		28BB30D71D285CC700A5C0C7 /* Build configuration list for PBXProject "ScreenPhotos" */ = {
			isa = XCConfigurationList;
			buildConfigurations = (
				28BB30FF1D285CC800A5C0C7 /* Debug */,
				28BB31001D285CC800A5C0C7 /* Release */,
			);
			defaultConfigurationIsVisible = 0;
			defaultConfigurationName = Release;
		};
		28BB31011D285CC800A5C0C7 /* Build configuration list for PBXNativeTarget "ScreenPhotos" */ = {
			isa = XCConfigurationList;
			buildConfigurations = (
				28BB31021D285CC800A5C0C7 /* Debug */,
				28BB31031D285CC800A5C0C7 /* Release */,
			);
			defaultConfigurationIsVisible = 0;
			defaultConfigurationName = Release;
		};
		28BB31041D285CC800A5C0C7 /* Build configuration list for PBXNativeTarget "ScreenPhotosTests" */ = {
			isa = XCConfigurationList;
			buildConfigurations = (
				28BB31051D285CC800A5C0C7 /* Debug */,
				28BB31061D285CC800A5C0C7 /* Release */,
			);
			defaultConfigurationIsVisible = 0;
			defaultConfigurationName = Release;
		};
		28BB31071D285CC800A5C0C7 /* Build configuration list for PBXNativeTarget "ScreenPhotosUITests" */ = {
			isa = XCConfigurationList;
			buildConfigurations = (
				28BB31081D285CC800A5C0C7 /* Debug */,
				28BB31091D285CC800A5C0C7 /* Release */,
			);
			defaultConfigurationIsVisible = 0;
			defaultConfigurationName = Release;
		};
/* End XCConfigurationList section */
	};
	rootObject = 28BB30D41D285CC700A5C0C7 /* Project object */;
}
